
Microsoft Visual Studio Solution File, Format Version 12.00
# Visual Studio Version 17
VisualStudioVersion = 17.0.32014.148
MinimumVisualStudioVersion = 10.0.40219.1
Project("{FAE04EC0-301F-11D3-BF4B-00C04F79EFBC}") = "Server", "Server\Server.csproj", "{91029CC4-2E41-46CA-9EE0-63FE4FD3783E}"
EndProject
Global
	GlobalSection(SolutionConfigurationPlatforms) = preSolution
		Debug|Any CPU = Debug|Any CPU
		Release|Any CPU = Release|Any CPU
	EndGlobalSection
	GlobalSection(ProjectConfigurationPlatforms) = postSolution
		{91029CC4-2E41-46CA-9EE0-63FE4FD3783E}.Debug|Any CPU.ActiveCfg = Debug|Any CPU
		{91029CC4-2E41-46CA-9EE0-63FE4FD3783E}.Debug|Any CPU.Build.0 = Debug|Any CPU
		{91029CC4-2E41-46CA-9EE0-63FE4FD3783E}.Release|Any CPU.ActiveCfg = Release|Any CPU
		{91029CC4-2E41-46CA-9EE0-63FE4FD3783E}.Release|Any CPU.Build.0 = Release|Any CPU
	EndGlobalSection
	GlobalSection(SolutionProperties) = preSolution
		HideSolutionNode = FALSE
	EndGlobalSection
	GlobalSection(ExtensibilityGlobals) = postSolution
		SolutionGuid = {436B0AFE-8C90-47C2-B7CD-C1BFACEF666A}
	EndGlobalSection
EndGlobal
